
Microsoft Visual Studio Solution File, Format Version 12.00
# Visual Studio 14
VisualStudioVersion = 14.0.23107.0
MinimumVisualStudioVersion = 10.0.40219.1
Project("{FAE04EC0-301F-11D3-BF4B-00C04F79EFBC}") = "MLRat", "MLRat\MLRat.csproj", "{BE801141-0D4D-4950-85C8-8E93C9D3312F}"
EndProject
Project("{2150E333-8FDC-42A3-9474-1A3956D46DE8}") = "Testing", "Testing", "{B7DD0894-4ECA-45CA-BC0C-047AAE1EB420}"
EndProject
Project("{2150E333-8FDC-42A3-9474-1A3956D46DE8}") = "Client", "Client", "{42B23B14-C516-4CEE-B9BE-42113E1EFB24}"
EndProject
Project("{2150E333-8FDC-42A3-9474-1A3956D46DE8}") = "Plugin", "Plugin", "{B2F79316-CE0B-4BEE-B7E0-EC49A031A8A5}"
EndProject
Project("{2150E333-8FDC-42A3-9474-1A3956D46DE8}") = "PluginUtils", "PluginUtils", "{5ACCE24A-3554-4C93-A2A3-A573D7639F2E}"
EndProject
Project("{FAE04EC0-301F-11D3-BF4B-00C04F79EFBC}") = "ClientPlugin", "ClientPlugin\ClientPlugin.csproj", "{AF10B9C3-7969-4971-BD7A-5C50D8D2547F}"
EndProject
Project("{FAE04EC0-301F-11D3-BF4B-00C04F79EFBC}") = "ServerPlugin", "ServerPlugin\ServerPlugin.csproj", "{A663D4C5-BC01-42A6-9C65-52F0524B4AB7}"
EndProject
Project("{FAE04EC0-301F-11D3-BF4B-00C04F79EFBC}") = "MLRatClient", "MLRatClient\MLRatClient.csproj", "{CC848BD0-3B2D-4C1E-BFCF-75A9894A581D}"
EndProject
Project("{FAE04EC0-301F-11D3-BF4B-00C04F79EFBC}") = "PluginCompiler", "PluginCompiler\PluginCompiler.csproj", "{9434E131-51CD-4FC6-9105-D73734DC5BA6}"
EndProject
Project("{2150E333-8FDC-42A3-9474-1A3956D46DE8}") = "CorePlugins", "CorePlugins", "{5696E475-B750-4692-AF23-7E3D4AE0D021}"
EndProject
Project("{2150E333-8FDC-42A3-9474-1A3956D46DE8}") = "MLSurveillance", "MLSurveillance", "{B7565718-7CC0-49C4-8934-3C8911FDB9AB}"
EndProject
Project("{FAE04EC0-301F-11D3-BF4B-00C04F79EFBC}") = "MLSurveillanceClient", "CorePlugins\MLSurveillance\MLSurveillanceClient\MLSurveillanceClient.csproj", "{7A6CEC00-4A6C-45E0-A25D-3CAB2F436EA6}"
EndProject
Project("{FAE04EC0-301F-11D3-BF4B-00C04F79EFBC}") = "MLSurveillanceServer", "CorePlugins\MLSurveillance\MLSurveillanceServer\MLSurveillanceServer.csproj", "{F7FA0241-1143-475B-A49A-AF44FA2F1339}"
EndProject
Project("{FAE04EC0-301F-11D3-BF4B-00C04F79EFBC}") = "MLSurveillanceSharedCode", "CorePlugins\MLSurveillance\MLSurveillanceSharedCode\MLSurveillanceSharedCode.csproj", "{7219BFA2-5DA4-4608-A3FC-643B7E87E77A}"
EndProject
Global
	GlobalSection(SolutionConfigurationPlatforms) = preSolution
		Debug|Any CPU = Debug|Any CPU
		Release|Any CPU = Release|Any CPU
	EndGlobalSection
	GlobalSection(ProjectConfigurationPlatforms) = postSolution
		{BE801141-0D4D-4950-85C8-8E93C9D3312F}.Debug|Any CPU.ActiveCfg = Debug|Any CPU
		{BE801141-0D4D-4950-85C8-8E93C9D3312F}.Debug|Any CPU.Build.0 = Debug|Any CPU
		{BE801141-0D4D-4950-85C8-8E93C9D3312F}.Release|Any CPU.ActiveCfg = Release|Any CPU
		{BE801141-0D4D-4950-85C8-8E93C9D3312F}.Release|Any CPU.Build.0 = Release|Any CPU
		{AF10B9C3-7969-4971-BD7A-5C50D8D2547F}.Debug|Any CPU.ActiveCfg = Debug|Any CPU
		{AF10B9C3-7969-4971-BD7A-5C50D8D2547F}.Debug|Any CPU.Build.0 = Debug|Any CPU
		{AF10B9C3-7969-4971-BD7A-5C50D8D2547F}.Release|Any CPU.ActiveCfg = Release|Any CPU
		{AF10B9C3-7969-4971-BD7A-5C50D8D2547F}.Release|Any CPU.Build.0 = Release|Any CPU
		{A663D4C5-BC01-42A6-9C65-52F0524B4AB7}.Debug|Any CPU.ActiveCfg = Debug|Any CPU
		{A663D4C5-BC01-42A6-9C65-52F0524B4AB7}.Debug|Any CPU.Build.0 = Debug|Any CPU
		{A663D4C5-BC01-42A6-9C65-52F0524B4AB7}.Release|Any CPU.ActiveCfg = Release|Any CPU
		{A663D4C5-BC01-42A6-9C65-52F0524B4AB7}.Release|Any CPU.Build.0 = Release|Any CPU
		{CC848BD0-3B2D-4C1E-BFCF-75A9894A581D}.Debug|Any CPU.ActiveCfg = Debug|Any CPU
		{CC848BD0-3B2D-4C1E-BFCF-75A9894A581D}.Debug|Any CPU.Build.0 = Debug|Any CPU
		{CC848BD0-3B2D-4C1E-BFCF-75A9894A581D}.Release|Any CPU.ActiveCfg = Release|Any CPU
		{CC848BD0-3B2D-4C1E-BFCF-75A9894A581D}.Release|Any CPU.Build.0 = Release|Any CPU
		{9434E131-51CD-4FC6-9105-D73734DC5BA6}.Debug|Any CPU.ActiveCfg = Debug|Any CPU
		{9434E131-51CD-4FC6-9105-D73734DC5BA6}.Debug|Any CPU.Build.0 = Debug|Any CPU
		{9434E131-51CD-4FC6-9105-D73734DC5BA6}.Release|Any CPU.ActiveCfg = Release|Any CPU
		{9434E131-51CD-4FC6-9105-D73734DC5BA6}.Release|Any CPU.Build.0 = Release|Any CPU
		{7A6CEC00-4A6C-45E0-A25D-3CAB2F436EA6}.Debug|Any CPU.ActiveCfg = Debug|Any CPU
		{7A6CEC00-4A6C-45E0-A25D-3CAB2F436EA6}.Debug|Any CPU.Build.0 = Debug|Any CPU
		{7A6CEC00-4A6C-45E0-A25D-3CAB2F436EA6}.Release|Any CPU.ActiveCfg = Release|Any CPU
		{7A6CEC00-4A6C-45E0-A25D-3CAB2F436EA6}.Release|Any CPU.Build.0 = Release|Any CPU
		{F7FA0241-1143-475B-A49A-AF44FA2F1339}.Debug|Any CPU.ActiveCfg = Debug|Any CPU
		{F7FA0241-1143-475B-A49A-AF44FA2F1339}.Debug|Any CPU.Build.0 = Debug|Any CPU
		{F7FA0241-1143-475B-A49A-AF44FA2F1339}.Release|Any CPU.ActiveCfg = Release|Any CPU
		{F7FA0241-1143-475B-A49A-AF44FA2F1339}.Release|Any CPU.Build.0 = Release|Any CPU
		{7219BFA2-5DA4-4608-A3FC-643B7E87E77A}.Debug|Any CPU.ActiveCfg = Debug|Any CPU
		{7219BFA2-5DA4-4608-A3FC-643B7E87E77A}.Debug|Any CPU.Build.0 = Debug|Any CPU
		{7219BFA2-5DA4-4608-A3FC-643B7E87E77A}.Release|Any CPU.ActiveCfg = Release|Any CPU
		{7219BFA2-5DA4-4608-A3FC-643B7E87E77A}.Release|Any CPU.Build.0 = Release|Any CPU
	EndGlobalSection
	GlobalSection(SolutionProperties) = preSolution
		HideSolutionNode = FALSE
	EndGlobalSection
	GlobalSection(NestedProjects) = preSolution
		{5ACCE24A-3554-4C93-A2A3-A573D7639F2E} = {B2F79316-CE0B-4BEE-B7E0-EC49A031A8A5}
		{AF10B9C3-7969-4971-BD7A-5C50D8D2547F} = {5ACCE24A-3554-4C93-A2A3-A573D7639F2E}
		{A663D4C5-BC01-42A6-9C65-52F0524B4AB7} = {5ACCE24A-3554-4C93-A2A3-A573D7639F2E}
		{CC848BD0-3B2D-4C1E-BFCF-75A9894A581D} = {42B23B14-C516-4CEE-B9BE-42113E1EFB24}
		{9434E131-51CD-4FC6-9105-D73734DC5BA6} = {5ACCE24A-3554-4C93-A2A3-A573D7639F2E}
		{5696E475-B750-4692-AF23-7E3D4AE0D021} = {B2F79316-CE0B-4BEE-B7E0-EC49A031A8A5}
		{B7565718-7CC0-49C4-8934-3C8911FDB9AB} = {5696E475-B750-4692-AF23-7E3D4AE0D021}
		{7A6CEC00-4A6C-45E0-A25D-3CAB2F436EA6} = {B7565718-7CC0-49C4-8934-3C8911FDB9AB}
		{F7FA0241-1143-475B-A49A-AF44FA2F1339} = {B7565718-7CC0-49C4-8934-3C8911FDB9AB}
		{7219BFA2-5DA4-4608-A3FC-643B7E87E77A} = {B7565718-7CC0-49C4-8934-3C8911FDB9AB}
	EndGlobalSection
EndGlobal
